github.com/Jguer/go-alpm v0.0.0-20200405152916-a3feea4322e9 h1:lLQSUe6iRdtFrP0zkDV7n8I8XKSxRHQTEU1KRh4IOLg=
github.com/Jguer/go-alpm v0.0.0-20200405152916-a3feea4322e9/go.mod h1:D5SUcIS9Yiz/L8cjRzq/992eERnx6ugYmGlc4e7xdus=
github.com/Jguer/go-alpm/v2 v2.0.2 h1:BbF/6dg2tXISEJiCtxlX6J/TCSoB/g+31bCfEiH9D0c=
github.com/Jguer/go-alpm/v2 v2.0.2/go.mod h1:zU4iKCtNkDARfj5BrKJXYAQ5nIjtZbySfa0paboSmTQ=
github.com/Morganamilo/go-pacmanconf v0.0.0-20180910220353-9c5265e1b14f h1:ptFKynTV1p8JCzqk81NcMj0DV0Xle+PdKxfHjPbdIOU=
github.com/Morganamilo/go-pacmanconf v0.0.0-20180910220353-9c5265e1b14f/go.mod h1:Hk55m330jNiwxRodIlMCvw5iEyoRUCIY64W1p9D+tHc=
github.com/alecthomas/kong v0.2.12 h1:X3kkCOXGUNzLmiu+nQtoxWqj4U2a39MpSJR3QdQXOwI=
github.com/alecthomas/kong v0.2.12/go.mod h1:kQOmtJgV+Lb4aj+I2LEn40cbtawdWJ9Y8QLq+lElKxE=
github.com/davecgh/go-spew v1.1.1 h1:vj9j/u1bqnvCEfJOwUhtlOARqs3+rkHYY13jYWTU97c=
github.com/davecgh/go-spew v1.1.1/go.mod h1:J7Y8YcW2NihsgmVo/mv3lAwl/skON4iLHjSsI+c5H38=
github.com/gorilla/mux v1.8.0 h1:i40aqfkR1h2SlN9hojwV5ZA91wcXFOvkdNIeFDP5koI=
github.com/gorilla/mux v1.8.0/go.mod h1:DVbg23sWSpFRCP0SfiEN6jmj59UnW/n46BH5rLB71So=
github.com/justinas/alice v1.2.0 h1:+MHSA/vccVCF4Uq37S42jwlkvI2Xzl7zTPCN5BnZNVo=
github.com/justinas/alice v1.2.0/go.mod h1:fN5HRH/reO/zrUflLfTN43t3vXvKzvZIENsNEe7i7qA=
github.com/pkg/errors v0.8.1/go.mod h1:bwawxfHBFNV+L2hUp1rHADufV3IMtnDRdf1r5NINEl0=
github.com/pkg/errors v0.9.1 h1:FEBLx1zS214owpjy7qsBeixbURkuhQAwrK5UwLGTwt4=
github.com/pkg/errors v0.9.1/go.mod h1:bwawxfHBFNV+L2hUp1rHADufV3IMtnDRdf1r5NINEl0=
github.com/pmezard/go-difflib v1.0.0/go.mod h1:iKH77koFhYxTK1pcRnkKkqfTogsbg7gZNVY4sRDYZ/4=
github.com/stretchr/testify v1.2.2/go.mod h1:a8OnRcib4nhh0OaRAV+Yts87kKdq0PP7pXfy6kDkUVs=
